
Microsoft Visual Studio Solution File, Format Version 12.00
# Visual Studio Version 17
VisualStudioVersion = 17.0.31903.59
MinimumVisualStudioVersion = 10.0.40219.1
Project("{2150E333-8FDC-42A3-9474-1A3956D46DE8}") = "src", "src", "{827E0CD3-B72D-47B6-A68D-7590B98EB39B}"
EndProject
Project("{FAE04EC0-301F-11D3-BF4B-00C04F79EFBC}") = "Api", "src\Api\Api.csproj", "{DA992B3C-C0A9-4E6E-8BFB-C3147967E6E2}"
EndProject
Project("{FAE04EC0-301F-11D3-BF4B-00C04F79EFBC}") = "Infrastructure", "src\Infrastructure\Infrastructure.csproj", "{464D81BF-E875-4061-BC92-E8A9CB65142D}"
EndProject
Project("{FAE04EC0-301F-11D3-BF4B-00C04F79EFBC}") = "Application", "src\Application\Application.csproj", "{6B9501E1-44CA-4D91-BA27-0A213DBBB255}"
EndProject
Project("{FAE04EC0-301F-11D3-BF4B-00C04F79EFBC}") = "Domain", "src\Domain\Domain.csproj", "{0AE20158-9763-4722-B042-8A2C4CA26CAB}"
EndProject
Global
	GlobalSection(SolutionConfigurationPlatforms) = preSolution
		Debug|Any CPU = Debug|Any CPU
		Debug|x64 = Debug|x64
		Debug|x86 = Debug|x86
		Release|Any CPU = Release|Any CPU
		Release|x64 = Release|x64
		Release|x86 = Release|x86
	EndGlobalSection
	GlobalSection(ProjectConfigurationPlatforms) = postSolution
		{DA992B3C-C0A9-4E6E-8BFB-C3147967E6E2}.Debug|Any CPU.ActiveCfg = Debug|Any CPU
		{DA992B3C-C0A9-4E6E-8BFB-C3147967E6E2}.Debug|Any CPU.Build.0 = Debug|Any CPU
		{DA992B3C-C0A9-4E6E-8BFB-C3147967E6E2}.Debug|x64.ActiveCfg = Debug|Any CPU
		{DA992B3C-C0A9-4E6E-8BFB-C3147967E6E2}.Debug|x64.Build.0 = Debug|Any CPU
		{DA992B3C-C0A9-4E6E-8BFB-C3147967E6E2}.Debug|x86.ActiveCfg = Debug|Any CPU
		{DA992B3C-C0A9-4E6E-8BFB-C3147967E6E2}.Debug|x86.Build.0 = Debug|Any CPU
		{DA992B3C-C0A9-4E6E-8BFB-C3147967E6E2}.Release|Any CPU.ActiveCfg = Release|Any CPU
		{DA992B3C-C0A9-4E6E-8BFB-C3147967E6E2}.Release|Any CPU.Build.0 = Release|Any CPU
		{DA992B3C-C0A9-4E6E-8BFB-C3147967E6E2}.Release|x64.ActiveCfg = Release|Any CPU
		{DA992B3C-C0A9-4E6E-8BFB-C3147967E6E2}.Release|x64.Build.0 = Release|Any CPU
		{DA992B3C-C0A9-4E6E-8BFB-C3147967E6E2}.Release|x86.ActiveCfg = Release|Any CPU
		{DA992B3C-C0A9-4E6E-8BFB-C3147967E6E2}.Release|x86.Build.0 = Release|Any CPU
		{464D81BF-E875-4061-BC92-E8A9CB65142D}.Debug|Any CPU.ActiveCfg = Debug|Any CPU
		{464D81BF-E875-4061-BC92-E8A9CB65142D}.Debug|Any CPU.Build.0 = Debug|Any CPU
		{464D81BF-E875-4061-BC92-E8A9CB65142D}.Debug|x64.ActiveCfg = Debug|Any CPU
		{464D81BF-E875-4061-BC92-E8A9CB65142D}.Debug|x64.Build.0 = Debug|Any CPU
		{464D81BF-E875-4061-BC92-E8A9CB65142D}.Debug|x86.ActiveCfg = Debug|Any CPU
		{464D81BF-E875-4061-BC92-E8A9CB65142D}.Debug|x86.Build.0 = Debug|Any CPU
		{464D81BF-E875-4061-BC92-E8A9CB65142D}.Release|Any CPU.ActiveCfg = Release|Any CPU
		{464D81BF-E875-4061-BC92-E8A9CB65142D}.Release|Any CPU.Build.0 = Release|Any CPU
		{464D81BF-E875-4061-BC92-E8A9CB65142D}.Release|x64.ActiveCfg = Release|Any CPU
		{464D81BF-E875-4061-BC92-E8A9CB65142D}.Release|x64.Build.0 = Release|Any CPU
		{464D81BF-E875-4061-BC92-E8A9CB65142D}.Release|x86.ActiveCfg = Release|Any CPU
		{464D81BF-E875-4061-BC92-E8A9CB65142D}.Release|x86.Build.0 = Release|Any CPU
		{6B9501E1-44CA-4D91-BA27-0A213DBBB255}.Debug|Any CPU.ActiveCfg = Debug|Any CPU
		{6B9501E1-44CA-4D91-BA27-0A213DBBB255}.Debug|Any CPU.Build.0 = Debug|Any CPU
		{6B9501E1-44CA-4D91-BA27-0A213DBBB255}.Debug|x64.ActiveCfg = Debug|Any CPU
		{6B9501E1-44CA-4D91-BA27-0A213DBBB255}.Debug|x64.Build.0 = Debug|Any CPU
		{6B9501E1-44CA-4D91-BA27-0A213DBBB255}.Debug|x86.ActiveCfg = Debug|Any CPU
		{6B9501E1-44CA-4D91-BA27-0A213DBBB255}.Debug|x86.Build.0 = Debug|Any CPU
		{6B9501E1-44CA-4D91-BA27-0A213DBBB255}.Release|Any CPU.ActiveCfg = Release|Any CPU
		{6B9501E1-44CA-4D91-BA27-0A213DBBB255}.Release|Any CPU.Build.0 = Release|Any CPU
		{6B9501E1-44CA-4D91-BA27-0A213DBBB255}.Release|x64.ActiveCfg = Release|Any CPU
		{6B9501E1-44CA-4D91-BA27-0A213DBBB255}.Release|x64.Build.0 = Release|Any CPU
		{6B9501E1-44CA-4D91-BA27-0A213DBBB255}.Release|x86.ActiveCfg = Release|Any CPU
		{6B9501E1-44CA-4D91-BA27-0A213DBBB255}.Release|x86.Build.0 = Release|Any CPU
		{0AE20158-9763-4722-B042-8A2C4CA26CAB}.Debug|Any CPU.ActiveCfg = Debug|Any CPU
		{0AE20158-9763-4722-B042-8A2C4CA26CAB}.Debug|Any CPU.Build.0 = Debug|Any CPU
		{0AE20158-9763-4722-B042-8A2C4CA26CAB}.Debug|x64.ActiveCfg = Debug|Any CPU
		{0AE20158-9763-4722-B042-8A2C4CA26CAB}.Debug|x64.Build.0 = Debug|Any CPU
		{0AE20158-9763-4722-B042-8A2C4CA26CAB}.Debug|x86.ActiveCfg = Debug|Any CPU
		{0AE20158-9763-4722-B042-8A2C4CA26CAB}.Debug|x86.Build.0 = Debug|Any CPU
		{0AE20158-9763-4722-B042-8A2C4CA26CAB}.Release|Any CPU.ActiveCfg = Release|Any CPU
		{0AE20158-9763-4722-B042-8A2C4CA26CAB}.Release|Any CPU.Build.0 = Release|Any CPU
		{0AE20158-9763-4722-B042-8A2C4CA26CAB}.Release|x64.ActiveCfg = Release|Any CPU
		{0AE20158-9763-4722-B042-8A2C4CA26CAB}.Release|x64.Build.0 = Release|Any CPU
		{0AE20158-9763-4722-B042-8A2C4CA26CAB}.Release|x86.ActiveCfg = Release|Any CPU
		{0AE20158-9763-4722-B042-8A2C4CA26CAB}.Release|x86.Build.0 = Release|Any CPU
	EndGlobalSection
	GlobalSection(SolutionProperties) = preSolution
		HideSolutionNode = FALSE
	EndGlobalSection
	GlobalSection(NestedProjects) = preSolution
		{DA992B3C-C0A9-4E6E-8BFB-C3147967E6E2} = {827E0CD3-B72D-47B6-A68D-7590B98EB39B}
		{464D81BF-E875-4061-BC92-E8A9CB65142D} = {827E0CD3-B72D-47B6-A68D-7590B98EB39B}
		{6B9501E1-44CA-4D91-BA27-0A213DBBB255} = {827E0CD3-B72D-47B6-A68D-7590B98EB39B}
		{0AE20158-9763-4722-B042-8A2C4CA26CAB} = {827E0CD3-B72D-47B6-A68D-7590B98EB39B}
	EndGlobalSection
EndGlobal
