
Microsoft Visual Studio Solution File, Format Version 12.00
# Visual Studio Version 17
VisualStudioVersion = 17.0.31903.59
MinimumVisualStudioVersion = 10.0.40219.1
Project("{2150E333-8FDC-42A3-9474-1A3956D46DE8}") = "src", "src", "{827E0CD3-B72D-47B6-A68D-7590B98EB39B}"
EndProject
Project("{FAE04EC0-301F-11D3-BF4B-00C04F79EFBC}") = "OmniArm.Domain", "src\OmniArm.Domain\OmniArm.Domain.csproj", "{8DE02D9D-AE66-4844-BD14-2B928FCDED10}"
EndProject
Project("{FAE04EC0-301F-11D3-BF4B-00C04F79EFBC}") = "OmniArm.Application", "src\OmniArm.Application\OmniArm.Application.csproj", "{076B1BB9-F7F4-48C9-8248-D6C9975DAC3C}"
EndProject
Project("{FAE04EC0-301F-11D3-BF4B-00C04F79EFBC}") = "OmniArm.Infrastructure", "src\OmniArm.Infrastructure\OmniArm.Infrastructure.csproj", "{36C2C1BD-40C7-4059-B49E-F04EEFFDC981}"
EndProject
Project("{FAE04EC0-301F-11D3-BF4B-00C04F79EFBC}") = "OmniArm.Api", "src\OmniArm.Api\OmniArm.Api.csproj", "{8815AE47-317F-482C-9FF8-72F2194E85E3}"
EndProject
Project("{FAE04EC0-301F-11D3-BF4B-00C04F79EFBC}") = "OmniArm.Domain.Tests", "tests\OmniArm.Domain.Tests\OmniArm.Domain.Tests.csproj", "{230DF24E-FD34-4049-BD76-660414B0C981}"
EndProject
Project("{FAE04EC0-301F-11D3-BF4B-00C04F79EFBC}") = "OmniArm.Application.Tests", "tests\OmniArm.Application.Tests\OmniArm.Application.Tests.csproj", "{86858299-515F-4E06-840B-242CCE93E234}"
EndProject
Project("{2150E333-8FDC-42A3-9474-1A3956D46DE8}") = "tests", "tests", "{0AB3BF05-4346-4AA6-1389-037BE0695223}"
EndProject
Project("{FAE04EC0-301F-11D3-BF4B-00C04F79EFBC}") = "OmniArm.Api.Tests", "tests\OmniArm.Api.Tests\OmniArm.Api.Tests.csproj", "{ED8B54F1-34FB-4956-99A3-6B10531C669C}"
EndProject
Global
	GlobalSection(SolutionConfigurationPlatforms) = preSolution
		Debug|Any CPU = Debug|Any CPU
		Debug|x64 = Debug|x64
		Debug|x86 = Debug|x86
		Release|Any CPU = Release|Any CPU
		Release|x64 = Release|x64
		Release|x86 = Release|x86
	EndGlobalSection
	GlobalSection(ProjectConfigurationPlatforms) = postSolution
		{8DE02D9D-AE66-4844-BD14-2B928FCDED10}.Debug|Any CPU.ActiveCfg = Debug|Any CPU
		{8DE02D9D-AE66-4844-BD14-2B928FCDED10}.Debug|Any CPU.Build.0 = Debug|Any CPU
		{8DE02D9D-AE66-4844-BD14-2B928FCDED10}.Debug|x64.ActiveCfg = Debug|Any CPU
		{8DE02D9D-AE66-4844-BD14-2B928FCDED10}.Debug|x64.Build.0 = Debug|Any CPU
		{8DE02D9D-AE66-4844-BD14-2B928FCDED10}.Debug|x86.ActiveCfg = Debug|Any CPU
		{8DE02D9D-AE66-4844-BD14-2B928FCDED10}.Debug|x86.Build.0 = Debug|Any CPU
		{8DE02D9D-AE66-4844-BD14-2B928FCDED10}.Release|Any CPU.ActiveCfg = Release|Any CPU
		{8DE02D9D-AE66-4844-BD14-2B928FCDED10}.Release|Any CPU.Build.0 = Release|Any CPU
		{8DE02D9D-AE66-4844-BD14-2B928FCDED10}.Release|x64.ActiveCfg = Release|Any CPU
		{8DE02D9D-AE66-4844-BD14-2B928FCDED10}.Release|x64.Build.0 = Release|Any CPU
		{8DE02D9D-AE66-4844-BD14-2B928FCDED10}.Release|x86.ActiveCfg = Release|Any CPU
		{8DE02D9D-AE66-4844-BD14-2B928FCDED10}.Release|x86.Build.0 = Release|Any CPU
		{076B1BB9-F7F4-48C9-8248-D6C9975DAC3C}.Debug|Any CPU.ActiveCfg = Debug|Any CPU
		{076B1BB9-F7F4-48C9-8248-D6C9975DAC3C}.Debug|Any CPU.Build.0 = Debug|Any CPU
		{076B1BB9-F7F4-48C9-8248-D6C9975DAC3C}.Debug|x64.ActiveCfg = Debug|Any CPU
		{076B1BB9-F7F4-48C9-8248-D6C9975DAC3C}.Debug|x64.Build.0 = Debug|Any CPU
		{076B1BB9-F7F4-48C9-8248-D6C9975DAC3C}.Debug|x86.ActiveCfg = Debug|Any CPU
		{076B1BB9-F7F4-48C9-8248-D6C9975DAC3C}.Debug|x86.Build.0 = Debug|Any CPU
		{076B1BB9-F7F4-48C9-8248-D6C9975DAC3C}.Release|Any CPU.ActiveCfg = Release|Any CPU
		{076B1BB9-F7F4-48C9-8248-D6C9975DAC3C}.Release|Any CPU.Build.0 = Release|Any CPU
		{076B1BB9-F7F4-48C9-8248-D6C9975DAC3C}.Release|x64.ActiveCfg = Release|Any CPU
		{076B1BB9-F7F4-48C9-8248-D6C9975DAC3C}.Release|x64.Build.0 = Release|Any CPU
		{076B1BB9-F7F4-48C9-8248-D6C9975DAC3C}.Release|x86.ActiveCfg = Release|Any CPU
		{076B1BB9-F7F4-48C9-8248-D6C9975DAC3C}.Release|x86.Build.0 = Release|Any CPU
		{36C2C1BD-40C7-4059-B49E-F04EEFFDC981}.Debug|Any CPU.ActiveCfg = Debug|Any CPU
		{36C2C1BD-40C7-4059-B49E-F04EEFFDC981}.Debug|Any CPU.Build.0 = Debug|Any CPU
		{36C2C1BD-40C7-4059-B49E-F04EEFFDC981}.Debug|x64.ActiveCfg = Debug|Any CPU
		{36C2C1BD-40C7-4059-B49E-F04EEFFDC981}.Debug|x64.Build.0 = Debug|Any CPU
		{36C2C1BD-40C7-4059-B49E-F04EEFFDC981}.Debug|x86.ActiveCfg = Debug|Any CPU
		{36C2C1BD-40C7-4059-B49E-F04EEFFDC981}.Debug|x86.Build.0 = Debug|Any CPU
		{36C2C1BD-40C7-4059-B49E-F04EEFFDC981}.Release|Any CPU.ActiveCfg = Release|Any CPU
		{36C2C1BD-40C7-4059-B49E-F04EEFFDC981}.Release|Any CPU.Build.0 = Release|Any CPU
		{36C2C1BD-40C7-4059-B49E-F04EEFFDC981}.Release|x64.ActiveCfg = Release|Any CPU
		{36C2C1BD-40C7-4059-B49E-F04EEFFDC981}.Release|x64.Build.0 = Release|Any CPU
		{36C2C1BD-40C7-4059-B49E-F04EEFFDC981}.Release|x86.ActiveCfg = Release|Any CPU
		{36C2C1BD-40C7-4059-B49E-F04EEFFDC981}.Release|x86.Build.0 = Release|Any CPU
		{8815AE47-317F-482C-9FF8-72F2194E85E3}.Debug|Any CPU.ActiveCfg = Debug|Any CPU
		{8815AE47-317F-482C-9FF8-72F2194E85E3}.Debug|Any CPU.Build.0 = Debug|Any CPU
		{8815AE47-317F-482C-9FF8-72F2194E85E3}.Debug|x64.ActiveCfg = Debug|Any CPU
		{8815AE47-317F-482C-9FF8-72F2194E85E3}.Debug|x64.Build.0 = Debug|Any CPU
		{8815AE47-317F-482C-9FF8-72F2194E85E3}.Debug|x86.ActiveCfg = Debug|Any CPU
		{8815AE47-317F-482C-9FF8-72F2194E85E3}.Debug|x86.Build.0 = Debug|Any CPU
		{8815AE47-317F-482C-9FF8-72F2194E85E3}.Release|Any CPU.ActiveCfg = Release|Any CPU
		{8815AE47-317F-482C-9FF8-72F2194E85E3}.Release|Any CPU.Build.0 = Release|Any CPU
		{8815AE47-317F-482C-9FF8-72F2194E85E3}.Release|x64.ActiveCfg = Release|Any CPU
		{8815AE47-317F-482C-9FF8-72F2194E85E3}.Release|x64.Build.0 = Release|Any CPU
		{8815AE47-317F-482C-9FF8-72F2194E85E3}.Release|x86.ActiveCfg = Release|Any CPU
		{8815AE47-317F-482C-9FF8-72F2194E85E3}.Release|x86.Build.0 = Release|Any CPU
		{230DF24E-FD34-4049-BD76-660414B0C981}.Debug|Any CPU.ActiveCfg = Debug|Any CPU
		{230DF24E-FD34-4049-BD76-660414B0C981}.Debug|Any CPU.Build.0 = Debug|Any CPU
		{230DF24E-FD34-4049-BD76-660414B0C981}.Debug|x64.ActiveCfg = Debug|Any CPU
		{230DF24E-FD34-4049-BD76-660414B0C981}.Debug|x64.Build.0 = Debug|Any CPU
		{230DF24E-FD34-4049-BD76-660414B0C981}.Debug|x86.ActiveCfg = Debug|Any CPU
		{230DF24E-FD34-4049-BD76-660414B0C981}.Debug|x86.Build.0 = Debug|Any CPU
		{230DF24E-FD34-4049-BD76-660414B0C981}.Release|Any CPU.ActiveCfg = Release|Any CPU
		{230DF24E-FD34-4049-BD76-660414B0C981}.Release|Any CPU.Build.0 = Release|Any CPU
		{230DF24E-FD34-4049-BD76-660414B0C981}.Release|x64.ActiveCfg = Release|Any CPU
		{230DF24E-FD34-4049-BD76-660414B0C981}.Release|x64.Build.0 = Release|Any CPU
		{230DF24E-FD34-4049-BD76-660414B0C981}.Release|x86.ActiveCfg = Release|Any CPU
		{230DF24E-FD34-4049-BD76-660414B0C981}.Release|x86.Build.0 = Release|Any CPU
		{86858299-515F-4E06-840B-242CCE93E234}.Debug|Any CPU.ActiveCfg = Debug|Any CPU
		{86858299-515F-4E06-840B-242CCE93E234}.Debug|Any CPU.Build.0 = Debug|Any CPU
		{86858299-515F-4E06-840B-242CCE93E234}.Debug|x64.ActiveCfg = Debug|Any CPU
		{86858299-515F-4E06-840B-242CCE93E234}.Debug|x64.Build.0 = Debug|Any CPU
		{86858299-515F-4E06-840B-242CCE93E234}.Debug|x86.ActiveCfg = Debug|Any CPU
		{86858299-515F-4E06-840B-242CCE93E234}.Debug|x86.Build.0 = Debug|Any CPU
		{86858299-515F-4E06-840B-242CCE93E234}.Release|Any CPU.ActiveCfg = Release|Any CPU
		{86858299-515F-4E06-840B-242CCE93E234}.Release|Any CPU.Build.0 = Release|Any CPU
		{86858299-515F-4E06-840B-242CCE93E234}.Release|x64.ActiveCfg = Release|Any CPU
		{86858299-515F-4E06-840B-242CCE93E234}.Release|x64.Build.0 = Release|Any CPU
		{86858299-515F-4E06-840B-242CCE93E234}.Release|x86.ActiveCfg = Release|Any CPU
		{86858299-515F-4E06-840B-242CCE93E234}.Release|x86.Build.0 = Release|Any CPU
		{ED8B54F1-34FB-4956-99A3-6B10531C669C}.Debug|Any CPU.ActiveCfg = Debug|Any CPU
		{ED8B54F1-34FB-4956-99A3-6B10531C669C}.Debug|Any CPU.Build.0 = Debug|Any CPU
		{ED8B54F1-34FB-4956-99A3-6B10531C669C}.Debug|x64.ActiveCfg = Debug|Any CPU
		{ED8B54F1-34FB-4956-99A3-6B10531C669C}.Debug|x64.Build.0 = Debug|Any CPU
		{ED8B54F1-34FB-4956-99A3-6B10531C669C}.Debug|x86.ActiveCfg = Debug|Any CPU
		{ED8B54F1-34FB-4956-99A3-6B10531C669C}.Debug|x86.Build.0 = Debug|Any CPU
		{ED8B54F1-34FB-4956-99A3-6B10531C669C}.Release|Any CPU.ActiveCfg = Release|Any CPU
		{ED8B54F1-34FB-4956-99A3-6B10531C669C}.Release|Any CPU.Build.0 = Release|Any CPU
		{ED8B54F1-34FB-4956-99A3-6B10531C669C}.Release|x64.ActiveCfg = Release|Any CPU
		{ED8B54F1-34FB-4956-99A3-6B10531C669C}.Release|x64.Build.0 = Release|Any CPU
		{ED8B54F1-34FB-4956-99A3-6B10531C669C}.Release|x86.ActiveCfg = Release|Any CPU
		{ED8B54F1-34FB-4956-99A3-6B10531C669C}.Release|x86.Build.0 = Release|Any CPU
	EndGlobalSection
	GlobalSection(SolutionProperties) = preSolution
		HideSolutionNode = FALSE
	EndGlobalSection
	GlobalSection(NestedProjects) = preSolution
		{8DE02D9D-AE66-4844-BD14-2B928FCDED10} = {827E0CD3-B72D-47B6-A68D-7590B98EB39B}
		{076B1BB9-F7F4-48C9-8248-D6C9975DAC3C} = {827E0CD3-B72D-47B6-A68D-7590B98EB39B}
		{36C2C1BD-40C7-4059-B49E-F04EEFFDC981} = {827E0CD3-B72D-47B6-A68D-7590B98EB39B}
		{8815AE47-317F-482C-9FF8-72F2194E85E3} = {827E0CD3-B72D-47B6-A68D-7590B98EB39B}
		{230DF24E-FD34-4049-BD76-660414B0C981} = {827E0CD3-B72D-47B6-A68D-7590B98EB39B}
		{86858299-515F-4E06-840B-242CCE93E234} = {827E0CD3-B72D-47B6-A68D-7590B98EB39B}
		{ED8B54F1-34FB-4956-99A3-6B10531C669C} = {0AB3BF05-4346-4AA6-1389-037BE0695223}
	EndGlobalSection
EndGlobal
